
Microsoft Visual Studio Solution File, Format Version 12.00
# Visual Studio Version 16
VisualStudioVersion = 16.0.30011.22
MinimumVisualStudioVersion = 10.0.40219.1
Project("{FAE04EC0-301F-11D3-BF4B-00C04F79EFBC}") = "MiguelCachiaDistrib", "MiguelCachiaDistrib\MiguelCachiaDistrib.csproj", "{318B5F38-9B11-440F-A7AF-D50B85353E40}"
EndProject
Global
	GlobalSection(SolutionConfigurationPlatforms) = preSolution
		Debug|Any CPU = Debug|Any CPU
		Release|Any CPU = Release|Any CPU
	EndGlobalSection
	GlobalSection(ProjectConfigurationPlatforms) = postSolution
		{318B5F38-9B11-440F-A7AF-D50B85353E40}.Debug|Any CPU.ActiveCfg = Debug|Any CPU
		{318B5F38-9B11-440F-A7AF-D50B85353E40}.Debug|Any CPU.Build.0 = Debug|Any CPU
		{318B5F38-9B11-440F-A7AF-D50B85353E40}.Release|Any CPU.ActiveCfg = Release|Any CPU
		{318B5F38-9B11-440F-A7AF-D50B85353E40}.Release|Any CPU.Build.0 = Release|Any CPU
	EndGlobalSection
	GlobalSection(SolutionProperties) = preSolution
		HideSolutionNode = FALSE
	EndGlobalSection
	GlobalSection(ExtensibilityGlobals) = postSolution
		SolutionGuid = {64D9F07A-1AB0-4C15-8DD2-32968C4E588A}
	EndGlobalSection
EndGlobal
